
Microsoft Visual Studio Solution File, Format Version 12.00
# Visual Studio 2013
VisualStudioVersion = 12.0.31101.0
MinimumVisualStudioVersion = 10.0.40219.1
Project("{FAE04EC0-301F-11D3-BF4B-00C04F79EFBC}") = "NETHookTemplate1", "NETHookTemplate1\NETHookTemplate1.csproj", "{FA81FB42-A35C-4707-8A24-64438165968F}"
EndProject
Global
	GlobalSection(SolutionConfigurationPlatforms) = preSolution
		Debug|x64 = Debug|x64
		Release|x64 = Release|x64
	EndGlobalSection
	GlobalSection(ProjectConfigurationPlatforms) = postSolution
		{FA81FB42-A35C-4707-8A24-64438165968F}.Debug|x64.ActiveCfg = Debug|x64
		{FA81FB42-A35C-4707-8A24-64438165968F}.Debug|x64.Build.0 = Debug|x64
		{FA81FB42-A35C-4707-8A24-64438165968F}.Release|x64.ActiveCfg = Release|x64
		{FA81FB42-A35C-4707-8A24-64438165968F}.Release|x64.Build.0 = Release|x64
	EndGlobalSection
	GlobalSection(SolutionProperties) = preSolution
		HideSolutionNode = FALSE
	EndGlobalSection
EndGlobal
