
Microsoft Visual Studio Solution File, Format Version 12.00
# Visual Studio 2013
VisualStudioVersion = 12.0.31101.0
MinimumVisualStudioVersion = 10.0.40219.1
Project("{FAE04EC0-301F-11D3-BF4B-00C04F79EFBC}") = "Gamble", "Gamble\Gamble.csproj", "{7CCC0848-C057-4A7E-BF4E-C165EEE6A030}"
EndProject
Global
	GlobalSection(SolutionConfigurationPlatforms) = preSolution
		Debug|Any CPU = Debug|Any CPU
		Release|Any CPU = Release|Any CPU
	EndGlobalSection
	GlobalSection(ProjectConfigurationPlatforms) = postSolution
		{7CCC0848-C057-4A7E-BF4E-C165EEE6A030}.Debug|Any CPU.ActiveCfg = Debug|Any CPU
		{7CCC0848-C057-4A7E-BF4E-C165EEE6A030}.Debug|Any CPU.Build.0 = Debug|Any CPU
		{7CCC0848-C057-4A7E-BF4E-C165EEE6A030}.Release|Any CPU.ActiveCfg = Release|Any CPU
		{7CCC0848-C057-4A7E-BF4E-C165EEE6A030}.Release|Any CPU.Build.0 = Release|Any CPU
	EndGlobalSection
	GlobalSection(SolutionProperties) = preSolution
		HideSolutionNode = FALSE
	EndGlobalSection
EndGlobal
